
Microsoft Visual Studio Solution File, Format Version 12.00
# Visual Studio Version 16
VisualStudioVersion = 16.0.30225.117
MinimumVisualStudioVersion = 10.0.40219.1
Project("{2150E333-8FDC-42A3-9474-1A3956D46DE8}") = "src", "src", "{FBD7D8D9-0891-42EE-A6CB-1D34D6CBB9B1}"
EndProject
Project("{2150E333-8FDC-42A3-9474-1A3956D46DE8}") = "Services", "Services", "{07112495-2FC3-452D-A5E6-27D4FD1F283E}"
EndProject
Project("{2150E333-8FDC-42A3-9474-1A3956D46DE8}") = "Ordering", "Ordering", "{9325F5D9-051D-4744-B23E-732FF033FD3D}"
EndProject
Project("{9A19103F-16F7-4668-BE54-9A1E7A4F7556}") = "Ordering.Api", "Services\Ordering\Ordering.Api\Ordering.Api.csproj", "{986FBCDB-DC2C-4CF6-B5F0-0556FE3063A7}"
EndProject
Project("{E53339B2-1760-4266-BCC7-CA923CBCF16C}") = "docker-compose", "docker-compose.dcproj", "{EA4281BC-E6DC-4C93-808C-470D89DB4BC3}"
EndProject
Project("{9A19103F-16F7-4668-BE54-9A1E7A4F7556}") = "Ordering.Domain", "Services\Ordering\Ordering.Domain\Ordering.Domain.csproj", "{22DEDBB7-CB57-4AA9-BCB4-9D52B65A7331}"
EndProject
Project("{2150E333-8FDC-42A3-9474-1A3956D46DE8}") = "BuildingBlocks", "BuildingBlocks", "{5A8FD770-5ADF-448D-AE55-C5A49920B0FC}"
EndProject
Project("{9A19103F-16F7-4668-BE54-9A1E7A4F7556}") = "Domain", "BuildingBlocks\Domain\Domain.csproj", "{C4F33C20-C24F-417E-B007-85E807A72E22}"
EndProject
Project("{2150E333-8FDC-42A3-9474-1A3956D46DE8}") = "Catalog", "Catalog", "{FD640061-1AA8-4F62-B556-0B6F78291FC7}"
EndProject
Project("{9A19103F-16F7-4668-BE54-9A1E7A4F7556}") = "Catalog.Domain", "Services\Catalog\Catalog.Domain\Catalog.Domain.csproj", "{16AB2546-6756-4E49-94D2-E292EFA97A3C}"
EndProject
Project("{9A19103F-16F7-4668-BE54-9A1E7A4F7556}") = "Catalog.Infrastructure", "Services\Catalog\Catalog.Infrastructure\Catalog.Infrastructure.csproj", "{A5B4892A-802D-49BB-9EE1-6C63E10AEAC2}"
EndProject
Project("{9A19103F-16F7-4668-BE54-9A1E7A4F7556}") = "Catalog.Api", "Services\Catalog\Catalog.Api\Catalog.Api.csproj", "{6DB7C12A-2C20-4A2A-A4A9-39A1333A5F0B}"
EndProject
Project("{2150E333-8FDC-42A3-9474-1A3956D46DE8}") = "tests", "tests", "{3A1D4351-0BFC-480C-9C8D-0D6B85F1352B}"
EndProject
Project("{9A19103F-16F7-4668-BE54-9A1E7A4F7556}") = "Catalog.UnitTests", "Services\Catalog\Catalog.UnitTests\Catalog.UnitTests.csproj", "{BBF2EB23-BA11-4FA1-BE0C-75E1BB07B932}"
EndProject
Project("{9A19103F-16F7-4668-BE54-9A1E7A4F7556}") = "Infrastructure", "BuildingBlocks\Infrastructure\Infrastructure.csproj", "{E7BD3105-4895-478F-BA8E-D16F0D22589C}"
EndProject
Project("{9A19103F-16F7-4668-BE54-9A1E7A4F7556}") = "Catalog.Application", "Services\Catalog\Catalog.Application\Catalog.Application.csproj", "{0298D03E-7288-47F6-A6DA-3B5B57C797A1}"
EndProject
Project("{9A19103F-16F7-4668-BE54-9A1E7A4F7556}") = "Application", "BuildingBlocks\Application\Application.csproj", "{AA682220-F0CD-44F8-BDE6-A5551641E578}"
EndProject
Project("{2150E333-8FDC-42A3-9474-1A3956D46DE8}") = "Core", "Core", "{D368C633-A5B6-4CEA-A92B-16595A928252}"
EndProject
Project("{FAE04EC0-301F-11D3-BF4B-00C04F79EFBC}") = "Contracts", "BuildingBlocks\Contracts\Contracts.csproj", "{078BEA9C-249D-4D98-976A-10A39C785171}"
EndProject
Global
	GlobalSection(SolutionConfigurationPlatforms) = preSolution
		Debug|Any CPU = Debug|Any CPU
		Release|Any CPU = Release|Any CPU
	EndGlobalSection
	GlobalSection(ProjectConfigurationPlatforms) = postSolution
		{986FBCDB-DC2C-4CF6-B5F0-0556FE3063A7}.Debug|Any CPU.ActiveCfg = Debug|Any CPU
		{986FBCDB-DC2C-4CF6-B5F0-0556FE3063A7}.Debug|Any CPU.Build.0 = Debug|Any CPU
		{986FBCDB-DC2C-4CF6-B5F0-0556FE3063A7}.Release|Any CPU.ActiveCfg = Release|Any CPU
		{986FBCDB-DC2C-4CF6-B5F0-0556FE3063A7}.Release|Any CPU.Build.0 = Release|Any CPU
		{EA4281BC-E6DC-4C93-808C-470D89DB4BC3}.Debug|Any CPU.ActiveCfg = Debug|Any CPU
		{EA4281BC-E6DC-4C93-808C-470D89DB4BC3}.Debug|Any CPU.Build.0 = Debug|Any CPU
		{EA4281BC-E6DC-4C93-808C-470D89DB4BC3}.Release|Any CPU.ActiveCfg = Release|Any CPU
		{EA4281BC-E6DC-4C93-808C-470D89DB4BC3}.Release|Any CPU.Build.0 = Release|Any CPU
		{22DEDBB7-CB57-4AA9-BCB4-9D52B65A7331}.Debug|Any CPU.ActiveCfg = Debug|Any CPU
		{22DEDBB7-CB57-4AA9-BCB4-9D52B65A7331}.Debug|Any CPU.Build.0 = Debug|Any CPU
		{22DEDBB7-CB57-4AA9-BCB4-9D52B65A7331}.Release|Any CPU.ActiveCfg = Release|Any CPU
		{22DEDBB7-CB57-4AA9-BCB4-9D52B65A7331}.Release|Any CPU.Build.0 = Release|Any CPU
		{C4F33C20-C24F-417E-B007-85E807A72E22}.Debug|Any CPU.ActiveCfg = Debug|Any CPU
		{C4F33C20-C24F-417E-B007-85E807A72E22}.Debug|Any CPU.Build.0 = Debug|Any CPU
		{C4F33C20-C24F-417E-B007-85E807A72E22}.Release|Any CPU.ActiveCfg = Release|Any CPU
		{C4F33C20-C24F-417E-B007-85E807A72E22}.Release|Any CPU.Build.0 = Release|Any CPU
		{16AB2546-6756-4E49-94D2-E292EFA97A3C}.Debug|Any CPU.ActiveCfg = Debug|Any CPU
		{16AB2546-6756-4E49-94D2-E292EFA97A3C}.Debug|Any CPU.Build.0 = Debug|Any CPU
		{16AB2546-6756-4E49-94D2-E292EFA97A3C}.Release|Any CPU.ActiveCfg = Release|Any CPU
		{16AB2546-6756-4E49-94D2-E292EFA97A3C}.Release|Any CPU.Build.0 = Release|Any CPU
		{A5B4892A-802D-49BB-9EE1-6C63E10AEAC2}.Debug|Any CPU.ActiveCfg = Debug|Any CPU
		{A5B4892A-802D-49BB-9EE1-6C63E10AEAC2}.Debug|Any CPU.Build.0 = Debug|Any CPU
		{A5B4892A-802D-49BB-9EE1-6C63E10AEAC2}.Release|Any CPU.ActiveCfg = Release|Any CPU
		{A5B4892A-802D-49BB-9EE1-6C63E10AEAC2}.Release|Any CPU.Build.0 = Release|Any CPU
		{6DB7C12A-2C20-4A2A-A4A9-39A1333A5F0B}.Debug|Any CPU.ActiveCfg = Debug|Any CPU
		{6DB7C12A-2C20-4A2A-A4A9-39A1333A5F0B}.Debug|Any CPU.Build.0 = Debug|Any CPU
		{6DB7C12A-2C20-4A2A-A4A9-39A1333A5F0B}.Release|Any CPU.ActiveCfg = Release|Any CPU
		{6DB7C12A-2C20-4A2A-A4A9-39A1333A5F0B}.Release|Any CPU.Build.0 = Release|Any CPU
		{BBF2EB23-BA11-4FA1-BE0C-75E1BB07B932}.Debug|Any CPU.ActiveCfg = Debug|Any CPU
		{BBF2EB23-BA11-4FA1-BE0C-75E1BB07B932}.Debug|Any CPU.Build.0 = Debug|Any CPU
		{BBF2EB23-BA11-4FA1-BE0C-75E1BB07B932}.Release|Any CPU.ActiveCfg = Release|Any CPU
		{BBF2EB23-BA11-4FA1-BE0C-75E1BB07B932}.Release|Any CPU.Build.0 = Release|Any CPU
		{E7BD3105-4895-478F-BA8E-D16F0D22589C}.Debug|Any CPU.ActiveCfg = Debug|Any CPU
		{E7BD3105-4895-478F-BA8E-D16F0D22589C}.Debug|Any CPU.Build.0 = Debug|Any CPU
		{E7BD3105-4895-478F-BA8E-D16F0D22589C}.Release|Any CPU.ActiveCfg = Release|Any CPU
		{E7BD3105-4895-478F-BA8E-D16F0D22589C}.Release|Any CPU.Build.0 = Release|Any CPU
		{0298D03E-7288-47F6-A6DA-3B5B57C797A1}.Debug|Any CPU.ActiveCfg = Debug|Any CPU
		{0298D03E-7288-47F6-A6DA-3B5B57C797A1}.Debug|Any CPU.Build.0 = Debug|Any CPU
		{0298D03E-7288-47F6-A6DA-3B5B57C797A1}.Release|Any CPU.ActiveCfg = Release|Any CPU
		{0298D03E-7288-47F6-A6DA-3B5B57C797A1}.Release|Any CPU.Build.0 = Release|Any CPU
		{AA682220-F0CD-44F8-BDE6-A5551641E578}.Debug|Any CPU.ActiveCfg = Debug|Any CPU
		{AA682220-F0CD-44F8-BDE6-A5551641E578}.Debug|Any CPU.Build.0 = Debug|Any CPU
		{AA682220-F0CD-44F8-BDE6-A5551641E578}.Release|Any CPU.ActiveCfg = Release|Any CPU
		{AA682220-F0CD-44F8-BDE6-A5551641E578}.Release|Any CPU.Build.0 = Release|Any CPU
		{078BEA9C-249D-4D98-976A-10A39C785171}.Debug|Any CPU.ActiveCfg = Debug|Any CPU
		{078BEA9C-249D-4D98-976A-10A39C785171}.Debug|Any CPU.Build.0 = Debug|Any CPU
		{078BEA9C-249D-4D98-976A-10A39C785171}.Release|Any CPU.ActiveCfg = Release|Any CPU
		{078BEA9C-249D-4D98-976A-10A39C785171}.Release|Any CPU.Build.0 = Release|Any CPU
	EndGlobalSection
	GlobalSection(SolutionProperties) = preSolution
		HideSolutionNode = FALSE
	EndGlobalSection
	GlobalSection(NestedProjects) = preSolution
		{07112495-2FC3-452D-A5E6-27D4FD1F283E} = {FBD7D8D9-0891-42EE-A6CB-1D34D6CBB9B1}
		{9325F5D9-051D-4744-B23E-732FF033FD3D} = {07112495-2FC3-452D-A5E6-27D4FD1F283E}
		{986FBCDB-DC2C-4CF6-B5F0-0556FE3063A7} = {9325F5D9-051D-4744-B23E-732FF033FD3D}
		{22DEDBB7-CB57-4AA9-BCB4-9D52B65A7331} = {9325F5D9-051D-4744-B23E-732FF033FD3D}
		{5A8FD770-5ADF-448D-AE55-C5A49920B0FC} = {FBD7D8D9-0891-42EE-A6CB-1D34D6CBB9B1}
		{C4F33C20-C24F-417E-B007-85E807A72E22} = {D368C633-A5B6-4CEA-A92B-16595A928252}
		{FD640061-1AA8-4F62-B556-0B6F78291FC7} = {07112495-2FC3-452D-A5E6-27D4FD1F283E}
		{16AB2546-6756-4E49-94D2-E292EFA97A3C} = {FD640061-1AA8-4F62-B556-0B6F78291FC7}
		{A5B4892A-802D-49BB-9EE1-6C63E10AEAC2} = {FD640061-1AA8-4F62-B556-0B6F78291FC7}
		{6DB7C12A-2C20-4A2A-A4A9-39A1333A5F0B} = {FD640061-1AA8-4F62-B556-0B6F78291FC7}
		{3A1D4351-0BFC-480C-9C8D-0D6B85F1352B} = {FD640061-1AA8-4F62-B556-0B6F78291FC7}
		{BBF2EB23-BA11-4FA1-BE0C-75E1BB07B932} = {3A1D4351-0BFC-480C-9C8D-0D6B85F1352B}
		{E7BD3105-4895-478F-BA8E-D16F0D22589C} = {5A8FD770-5ADF-448D-AE55-C5A49920B0FC}
		{0298D03E-7288-47F6-A6DA-3B5B57C797A1} = {FD640061-1AA8-4F62-B556-0B6F78291FC7}
		{AA682220-F0CD-44F8-BDE6-A5551641E578} = {D368C633-A5B6-4CEA-A92B-16595A928252}
		{D368C633-A5B6-4CEA-A92B-16595A928252} = {5A8FD770-5ADF-448D-AE55-C5A49920B0FC}
		{078BEA9C-249D-4D98-976A-10A39C785171} = {5A8FD770-5ADF-448D-AE55-C5A49920B0FC}
	EndGlobalSection
	GlobalSection(ExtensibilityGlobals) = postSolution
		SolutionGuid = {D602390D-6770-485E-B9EC-BD94F70F45B1}
	EndGlobalSection
EndGlobal
