
Microsoft Visual Studio Solution File, Format Version 12.00
# Visual Studio Version 16
VisualStudioVersion = 16.0.30225.117
MinimumVisualStudioVersion = 10.0.40219.1
Project("{2150E333-8FDC-42A3-9474-1A3956D46DE8}") = "src", "src", "{FBD7D8D9-0891-42EE-A6CB-1D34D6CBB9B1}"
EndProject
Project("{2150E333-8FDC-42A3-9474-1A3956D46DE8}") = "Services", "Services", "{07112495-2FC3-452D-A5E6-27D4FD1F283E}"
EndProject
Project("{2150E333-8FDC-42A3-9474-1A3956D46DE8}") = "Ordering", "Ordering", "{9325F5D9-051D-4744-B23E-732FF033FD3D}"
EndProject
Project("{9A19103F-16F7-4668-BE54-9A1E7A4F7556}") = "Ordering.Api", "Services\Ordering\Ordering.Api\Ordering.Api.csproj", "{986FBCDB-DC2C-4CF6-B5F0-0556FE3063A7}"
EndProject
Project("{E53339B2-1760-4266-BCC7-CA923CBCF16C}") = "docker-compose", "docker-compose.dcproj", "{EA4281BC-E6DC-4C93-808C-470D89DB4BC3}"
EndProject
Project("{9A19103F-16F7-4668-BE54-9A1E7A4F7556}") = "Ordering.Domain", "Services\Ordering\Ordering.Domain\Ordering.Domain.csproj", "{22DEDBB7-CB57-4AA9-BCB4-9D52B65A7331}"
EndProject
Project("{2150E333-8FDC-42A3-9474-1A3956D46DE8}") = "BuildingBlocks", "BuildingBlocks", "{5A8FD770-5ADF-448D-AE55-C5A49920B0FC}"
EndProject
Project("{9A19103F-16F7-4668-BE54-9A1E7A4F7556}") = "Domain", "BuildingBlocks\Domain\Domain.csproj", "{C4F33C20-C24F-417E-B007-85E807A72E22}"
EndProject
Project("{2150E333-8FDC-42A3-9474-1A3956D46DE8}") = "Catalog", "Catalog", "{FD640061-1AA8-4F62-B556-0B6F78291FC7}"
EndProject
Project("{9A19103F-16F7-4668-BE54-9A1E7A4F7556}") = "Catalog.Domain", "Services\Catalog\Catalog.Domain\Catalog.Domain.csproj", "{16AB2546-6756-4E49-94D2-E292EFA97A3C}"
EndProject
Project("{9A19103F-16F7-4668-BE54-9A1E7A4F7556}") = "Catalog.Infrastructure", "Services\Catalog\Catalog.Infrastructure\Catalog.Infrastructure.csproj", "{A5B4892A-802D-49BB-9EE1-6C63E10AEAC2}"
EndProject
Project("{9A19103F-16F7-4668-BE54-9A1E7A4F7556}") = "Catalog.Api", "Services\Catalog\Catalog.Api\Catalog.Api.csproj", "{6DB7C12A-2C20-4A2A-A4A9-39A1333A5F0B}"
EndProject
Project("{2150E333-8FDC-42A3-9474-1A3956D46DE8}") = "tests", "tests", "{3A1D4351-0BFC-480C-9C8D-0D6B85F1352B}"
EndProject
Project("{9A19103F-16F7-4668-BE54-9A1E7A4F7556}") = "Catalog.UnitTests", "Services\Catalog\Catalog.UnitTests\Catalog.UnitTests.csproj", "{BBF2EB23-BA11-4FA1-BE0C-75E1BB07B932}"
EndProject
Project("{9A19103F-16F7-4668-BE54-9A1E7A4F7556}") = "Infrastructure", "BuildingBlocks\Infrastructure\Infrastructure.csproj", "{E7BD3105-4895-478F-BA8E-D16F0D22589C}"
EndProject
Project("{9A19103F-16F7-4668-BE54-9A1E7A4F7556}") = "Catalog.Application", "Services\Catalog\Catalog.Application\Catalog.Application.csproj", "{0298D03E-7288-47F6-A6DA-3B5B57C797A1}"
EndProject
Project("{9A19103F-16F7-4668-BE54-9A1E7A4F7556}") = "Application", "BuildingBlocks\Application\Application.csproj", "{AA682220-F0CD-44F8-BDE6-A5551641E578}"
EndProject
Project("{2150E333-8FDC-42A3-9474-1A3956D46DE8}") = "Core", "Core", "{D368C633-A5B6-4CEA-A92B-16595A928252}"
EndProject
Project("{9A19103F-16F7-4668-BE54-9A1E7A4F7556}") = "Contracts", "BuildingBlocks\Contracts\Contracts.csproj", "{078BEA9C-249D-4D98-976A-10A39C785171}"
EndProject
Project("{2150E333-8FDC-42A3-9474-1A3956D46DE8}") = "Cart", "Cart", "{B722B892-2E1A-4D6D-B244-2D948D924246}"
EndProject
Project("{9A19103F-16F7-4668-BE54-9A1E7A4F7556}") = "Cart.Api", "Services\Cart\Cart.Api\Cart.Api.csproj", "{0B51651D-BED9-4197-9F09-AC6FCF7694BB}"
EndProject
Project("{2150E333-8FDC-42A3-9474-1A3956D46DE8}") = "ApiGateways", "ApiGateways", "{B3E9322D-06BF-415B-8CC6-45E0B567D19A}"
EndProject
Project("{9A19103F-16F7-4668-BE54-9A1E7A4F7556}") = "Gateway.WebApi", "ApiGateways\Gateway.WebApi\Gateway.WebApi.csproj", "{432917E8-086C-4F30-866F-31EDB4DC5EF3}"
EndProject
Project("{9A19103F-16F7-4668-BE54-9A1E7A4F7556}") = "Cart.Application", "Services\Cart\Cart.Application\Cart.Application.csproj", "{C3EED30A-333B-4D35-B002-FA90A87BC7CE}"
EndProject
Project("{9A19103F-16F7-4668-BE54-9A1E7A4F7556}") = "Cart.Infrastructure", "Services\Cart\Cart.Infrastructure\Cart.Infrastructure.csproj", "{C3C102D5-04C2-48C5-BD0A-1E537CDAB27E}"
EndProject
Project("{9A19103F-16F7-4668-BE54-9A1E7A4F7556}") = "Cart.Domain", "Services\Cart\Cart.Domain\Cart.Domain.csproj", "{A906FCA6-9762-42B4-A700-A684962E49FB}"
EndProject
Project("{2150E333-8FDC-42A3-9474-1A3956D46DE8}") = "Discount", "Discount", "{8079EA54-AE9F-4983-B363-A059662C3F88}"
EndProject
Project("{9A19103F-16F7-4668-BE54-9A1E7A4F7556}") = "Discount.Grpc", "Services\Discount\Discount.Grpc\Discount.Grpc.csproj", "{DA304017-49E5-4FC5-B91C-461A0547FBCC}"
EndProject
Project("{9A19103F-16F7-4668-BE54-9A1E7A4F7556}") = "Discount.Application", "Services\Discount\Discount.Application\Discount.Application.csproj", "{FD2664D9-5742-4A76-9D12-5286739C8A72}"
EndProject
Project("{9A19103F-16F7-4668-BE54-9A1E7A4F7556}") = "Discount.Infrastructure", "Services\Discount\Discount.Infrastructure\Discount.Infrastructure.csproj", "{7C480D9D-89DF-4488-9153-8D5AE4636146}"
EndProject
Project("{9A19103F-16F7-4668-BE54-9A1E7A4F7556}") = "Discount.Domain", "Services\Discount\Discount.Domain\Discount.Domain.csproj", "{359F63D9-4280-4770-941A-7A41A38DF1B2}"
EndProject
Project("{2150E333-8FDC-42A3-9474-1A3956D46DE8}") = "Solution Items", "Solution Items", "{5FA1AA2F-6DAA-4808-B304-8F1B1BC4F062}"
	ProjectSection(SolutionItems) = preProject
		..\.gitignore = ..\.gitignore
	EndProjectSection
EndProject
Global
	GlobalSection(SolutionConfigurationPlatforms) = preSolution
		Debug|Any CPU = Debug|Any CPU
		Release|Any CPU = Release|Any CPU
	EndGlobalSection
	GlobalSection(ProjectConfigurationPlatforms) = postSolution
		{986FBCDB-DC2C-4CF6-B5F0-0556FE3063A7}.Debug|Any CPU.ActiveCfg = Debug|Any CPU
		{986FBCDB-DC2C-4CF6-B5F0-0556FE3063A7}.Debug|Any CPU.Build.0 = Debug|Any CPU
		{986FBCDB-DC2C-4CF6-B5F0-0556FE3063A7}.Release|Any CPU.ActiveCfg = Release|Any CPU
		{986FBCDB-DC2C-4CF6-B5F0-0556FE3063A7}.Release|Any CPU.Build.0 = Release|Any CPU
		{EA4281BC-E6DC-4C93-808C-470D89DB4BC3}.Debug|Any CPU.ActiveCfg = Debug|Any CPU
		{EA4281BC-E6DC-4C93-808C-470D89DB4BC3}.Debug|Any CPU.Build.0 = Debug|Any CPU
		{EA4281BC-E6DC-4C93-808C-470D89DB4BC3}.Release|Any CPU.ActiveCfg = Release|Any CPU
		{EA4281BC-E6DC-4C93-808C-470D89DB4BC3}.Release|Any CPU.Build.0 = Release|Any CPU
		{22DEDBB7-CB57-4AA9-BCB4-9D52B65A7331}.Debug|Any CPU.ActiveCfg = Debug|Any CPU
		{22DEDBB7-CB57-4AA9-BCB4-9D52B65A7331}.Debug|Any CPU.Build.0 = Debug|Any CPU
		{22DEDBB7-CB57-4AA9-BCB4-9D52B65A7331}.Release|Any CPU.ActiveCfg = Release|Any CPU
		{22DEDBB7-CB57-4AA9-BCB4-9D52B65A7331}.Release|Any CPU.Build.0 = Release|Any CPU
		{C4F33C20-C24F-417E-B007-85E807A72E22}.Debug|Any CPU.ActiveCfg = Debug|Any CPU
		{C4F33C20-C24F-417E-B007-85E807A72E22}.Debug|Any CPU.Build.0 = Debug|Any CPU
		{C4F33C20-C24F-417E-B007-85E807A72E22}.Release|Any CPU.ActiveCfg = Release|Any CPU
		{C4F33C20-C24F-417E-B007-85E807A72E22}.Release|Any CPU.Build.0 = Release|Any CPU
		{16AB2546-6756-4E49-94D2-E292EFA97A3C}.Debug|Any CPU.ActiveCfg = Debug|Any CPU
		{16AB2546-6756-4E49-94D2-E292EFA97A3C}.Debug|Any CPU.Build.0 = Debug|Any CPU
		{16AB2546-6756-4E49-94D2-E292EFA97A3C}.Release|Any CPU.ActiveCfg = Release|Any CPU
		{16AB2546-6756-4E49-94D2-E292EFA97A3C}.Release|Any CPU.Build.0 = Release|Any CPU
		{A5B4892A-802D-49BB-9EE1-6C63E10AEAC2}.Debug|Any CPU.ActiveCfg = Debug|Any CPU
		{A5B4892A-802D-49BB-9EE1-6C63E10AEAC2}.Debug|Any CPU.Build.0 = Debug|Any CPU
		{A5B4892A-802D-49BB-9EE1-6C63E10AEAC2}.Release|Any CPU.ActiveCfg = Release|Any CPU
		{A5B4892A-802D-49BB-9EE1-6C63E10AEAC2}.Release|Any CPU.Build.0 = Release|Any CPU
		{6DB7C12A-2C20-4A2A-A4A9-39A1333A5F0B}.Debug|Any CPU.ActiveCfg = Debug|Any CPU
		{6DB7C12A-2C20-4A2A-A4A9-39A1333A5F0B}.Debug|Any CPU.Build.0 = Debug|Any CPU
		{6DB7C12A-2C20-4A2A-A4A9-39A1333A5F0B}.Release|Any CPU.ActiveCfg = Release|Any CPU
		{6DB7C12A-2C20-4A2A-A4A9-39A1333A5F0B}.Release|Any CPU.Build.0 = Release|Any CPU
		{BBF2EB23-BA11-4FA1-BE0C-75E1BB07B932}.Debug|Any CPU.ActiveCfg = Debug|Any CPU
		{BBF2EB23-BA11-4FA1-BE0C-75E1BB07B932}.Debug|Any CPU.Build.0 = Debug|Any CPU
		{BBF2EB23-BA11-4FA1-BE0C-75E1BB07B932}.Release|Any CPU.ActiveCfg = Release|Any CPU
		{BBF2EB23-BA11-4FA1-BE0C-75E1BB07B932}.Release|Any CPU.Build.0 = Release|Any CPU
		{E7BD3105-4895-478F-BA8E-D16F0D22589C}.Debug|Any CPU.ActiveCfg = Debug|Any CPU
		{E7BD3105-4895-478F-BA8E-D16F0D22589C}.Debug|Any CPU.Build.0 = Debug|Any CPU
		{E7BD3105-4895-478F-BA8E-D16F0D22589C}.Release|Any CPU.ActiveCfg = Release|Any CPU
		{E7BD3105-4895-478F-BA8E-D16F0D22589C}.Release|Any CPU.Build.0 = Release|Any CPU
		{0298D03E-7288-47F6-A6DA-3B5B57C797A1}.Debug|Any CPU.ActiveCfg = Debug|Any CPU
		{0298D03E-7288-47F6-A6DA-3B5B57C797A1}.Debug|Any CPU.Build.0 = Debug|Any CPU
		{0298D03E-7288-47F6-A6DA-3B5B57C797A1}.Release|Any CPU.ActiveCfg = Release|Any CPU
		{0298D03E-7288-47F6-A6DA-3B5B57C797A1}.Release|Any CPU.Build.0 = Release|Any CPU
		{AA682220-F0CD-44F8-BDE6-A5551641E578}.Debug|Any CPU.ActiveCfg = Debug|Any CPU
		{AA682220-F0CD-44F8-BDE6-A5551641E578}.Debug|Any CPU.Build.0 = Debug|Any CPU
		{AA682220-F0CD-44F8-BDE6-A5551641E578}.Release|Any CPU.ActiveCfg = Release|Any CPU
		{AA682220-F0CD-44F8-BDE6-A5551641E578}.Release|Any CPU.Build.0 = Release|Any CPU
		{078BEA9C-249D-4D98-976A-10A39C785171}.Debug|Any CPU.ActiveCfg = Debug|Any CPU
		{078BEA9C-249D-4D98-976A-10A39C785171}.Debug|Any CPU.Build.0 = Debug|Any CPU
		{078BEA9C-249D-4D98-976A-10A39C785171}.Release|Any CPU.ActiveCfg = Release|Any CPU
		{078BEA9C-249D-4D98-976A-10A39C785171}.Release|Any CPU.Build.0 = Release|Any CPU
		{0B51651D-BED9-4197-9F09-AC6FCF7694BB}.Debug|Any CPU.ActiveCfg = Debug|Any CPU
		{0B51651D-BED9-4197-9F09-AC6FCF7694BB}.Debug|Any CPU.Build.0 = Debug|Any CPU
		{0B51651D-BED9-4197-9F09-AC6FCF7694BB}.Release|Any CPU.ActiveCfg = Release|Any CPU
		{0B51651D-BED9-4197-9F09-AC6FCF7694BB}.Release|Any CPU.Build.0 = Release|Any CPU
		{432917E8-086C-4F30-866F-31EDB4DC5EF3}.Debug|Any CPU.ActiveCfg = Debug|Any CPU
		{432917E8-086C-4F30-866F-31EDB4DC5EF3}.Debug|Any CPU.Build.0 = Debug|Any CPU
		{432917E8-086C-4F30-866F-31EDB4DC5EF3}.Release|Any CPU.ActiveCfg = Release|Any CPU
		{432917E8-086C-4F30-866F-31EDB4DC5EF3}.Release|Any CPU.Build.0 = Release|Any CPU
		{C3EED30A-333B-4D35-B002-FA90A87BC7CE}.Debug|Any CPU.ActiveCfg = Debug|Any CPU
		{C3EED30A-333B-4D35-B002-FA90A87BC7CE}.Debug|Any CPU.Build.0 = Debug|Any CPU
		{C3EED30A-333B-4D35-B002-FA90A87BC7CE}.Release|Any CPU.ActiveCfg = Release|Any CPU
		{C3EED30A-333B-4D35-B002-FA90A87BC7CE}.Release|Any CPU.Build.0 = Release|Any CPU
		{C3C102D5-04C2-48C5-BD0A-1E537CDAB27E}.Debug|Any CPU.ActiveCfg = Debug|Any CPU
		{C3C102D5-04C2-48C5-BD0A-1E537CDAB27E}.Debug|Any CPU.Build.0 = Debug|Any CPU
		{C3C102D5-04C2-48C5-BD0A-1E537CDAB27E}.Release|Any CPU.ActiveCfg = Release|Any CPU
		{C3C102D5-04C2-48C5-BD0A-1E537CDAB27E}.Release|Any CPU.Build.0 = Release|Any CPU
		{A906FCA6-9762-42B4-A700-A684962E49FB}.Debug|Any CPU.ActiveCfg = Debug|Any CPU
		{A906FCA6-9762-42B4-A700-A684962E49FB}.Debug|Any CPU.Build.0 = Debug|Any CPU
		{A906FCA6-9762-42B4-A700-A684962E49FB}.Release|Any CPU.ActiveCfg = Release|Any CPU
		{A906FCA6-9762-42B4-A700-A684962E49FB}.Release|Any CPU.Build.0 = Release|Any CPU
		{DA304017-49E5-4FC5-B91C-461A0547FBCC}.Debug|Any CPU.ActiveCfg = Debug|Any CPU
		{DA304017-49E5-4FC5-B91C-461A0547FBCC}.Debug|Any CPU.Build.0 = Debug|Any CPU
		{DA304017-49E5-4FC5-B91C-461A0547FBCC}.Release|Any CPU.ActiveCfg = Release|Any CPU
		{DA304017-49E5-4FC5-B91C-461A0547FBCC}.Release|Any CPU.Build.0 = Release|Any CPU
		{FD2664D9-5742-4A76-9D12-5286739C8A72}.Debug|Any CPU.ActiveCfg = Debug|Any CPU
		{FD2664D9-5742-4A76-9D12-5286739C8A72}.Debug|Any CPU.Build.0 = Debug|Any CPU
		{FD2664D9-5742-4A76-9D12-5286739C8A72}.Release|Any CPU.ActiveCfg = Release|Any CPU
		{FD2664D9-5742-4A76-9D12-5286739C8A72}.Release|Any CPU.Build.0 = Release|Any CPU
		{7C480D9D-89DF-4488-9153-8D5AE4636146}.Debug|Any CPU.ActiveCfg = Debug|Any CPU
		{7C480D9D-89DF-4488-9153-8D5AE4636146}.Debug|Any CPU.Build.0 = Debug|Any CPU
		{7C480D9D-89DF-4488-9153-8D5AE4636146}.Release|Any CPU.ActiveCfg = Release|Any CPU
		{7C480D9D-89DF-4488-9153-8D5AE4636146}.Release|Any CPU.Build.0 = Release|Any CPU
		{359F63D9-4280-4770-941A-7A41A38DF1B2}.Debug|Any CPU.ActiveCfg = Debug|Any CPU
		{359F63D9-4280-4770-941A-7A41A38DF1B2}.Debug|Any CPU.Build.0 = Debug|Any CPU
		{359F63D9-4280-4770-941A-7A41A38DF1B2}.Release|Any CPU.ActiveCfg = Release|Any CPU
		{359F63D9-4280-4770-941A-7A41A38DF1B2}.Release|Any CPU.Build.0 = Release|Any CPU
	EndGlobalSection
	GlobalSection(SolutionProperties) = preSolution
		HideSolutionNode = FALSE
	EndGlobalSection
	GlobalSection(NestedProjects) = preSolution
		{07112495-2FC3-452D-A5E6-27D4FD1F283E} = {FBD7D8D9-0891-42EE-A6CB-1D34D6CBB9B1}
		{9325F5D9-051D-4744-B23E-732FF033FD3D} = {07112495-2FC3-452D-A5E6-27D4FD1F283E}
		{986FBCDB-DC2C-4CF6-B5F0-0556FE3063A7} = {9325F5D9-051D-4744-B23E-732FF033FD3D}
		{22DEDBB7-CB57-4AA9-BCB4-9D52B65A7331} = {9325F5D9-051D-4744-B23E-732FF033FD3D}
		{5A8FD770-5ADF-448D-AE55-C5A49920B0FC} = {FBD7D8D9-0891-42EE-A6CB-1D34D6CBB9B1}
		{C4F33C20-C24F-417E-B007-85E807A72E22} = {D368C633-A5B6-4CEA-A92B-16595A928252}
		{FD640061-1AA8-4F62-B556-0B6F78291FC7} = {07112495-2FC3-452D-A5E6-27D4FD1F283E}
		{16AB2546-6756-4E49-94D2-E292EFA97A3C} = {FD640061-1AA8-4F62-B556-0B6F78291FC7}
		{A5B4892A-802D-49BB-9EE1-6C63E10AEAC2} = {FD640061-1AA8-4F62-B556-0B6F78291FC7}
		{6DB7C12A-2C20-4A2A-A4A9-39A1333A5F0B} = {FD640061-1AA8-4F62-B556-0B6F78291FC7}
		{3A1D4351-0BFC-480C-9C8D-0D6B85F1352B} = {FD640061-1AA8-4F62-B556-0B6F78291FC7}
		{BBF2EB23-BA11-4FA1-BE0C-75E1BB07B932} = {3A1D4351-0BFC-480C-9C8D-0D6B85F1352B}
		{E7BD3105-4895-478F-BA8E-D16F0D22589C} = {5A8FD770-5ADF-448D-AE55-C5A49920B0FC}
		{0298D03E-7288-47F6-A6DA-3B5B57C797A1} = {FD640061-1AA8-4F62-B556-0B6F78291FC7}
		{AA682220-F0CD-44F8-BDE6-A5551641E578} = {D368C633-A5B6-4CEA-A92B-16595A928252}
		{D368C633-A5B6-4CEA-A92B-16595A928252} = {5A8FD770-5ADF-448D-AE55-C5A49920B0FC}
		{078BEA9C-249D-4D98-976A-10A39C785171} = {5A8FD770-5ADF-448D-AE55-C5A49920B0FC}
		{B722B892-2E1A-4D6D-B244-2D948D924246} = {07112495-2FC3-452D-A5E6-27D4FD1F283E}
		{0B51651D-BED9-4197-9F09-AC6FCF7694BB} = {B722B892-2E1A-4D6D-B244-2D948D924246}
		{B3E9322D-06BF-415B-8CC6-45E0B567D19A} = {FBD7D8D9-0891-42EE-A6CB-1D34D6CBB9B1}
		{432917E8-086C-4F30-866F-31EDB4DC5EF3} = {B3E9322D-06BF-415B-8CC6-45E0B567D19A}
		{C3EED30A-333B-4D35-B002-FA90A87BC7CE} = {B722B892-2E1A-4D6D-B244-2D948D924246}
		{C3C102D5-04C2-48C5-BD0A-1E537CDAB27E} = {B722B892-2E1A-4D6D-B244-2D948D924246}
		{A906FCA6-9762-42B4-A700-A684962E49FB} = {B722B892-2E1A-4D6D-B244-2D948D924246}
		{8079EA54-AE9F-4983-B363-A059662C3F88} = {07112495-2FC3-452D-A5E6-27D4FD1F283E}
		{DA304017-49E5-4FC5-B91C-461A0547FBCC} = {8079EA54-AE9F-4983-B363-A059662C3F88}
		{FD2664D9-5742-4A76-9D12-5286739C8A72} = {8079EA54-AE9F-4983-B363-A059662C3F88}
		{7C480D9D-89DF-4488-9153-8D5AE4636146} = {8079EA54-AE9F-4983-B363-A059662C3F88}
		{359F63D9-4280-4770-941A-7A41A38DF1B2} = {8079EA54-AE9F-4983-B363-A059662C3F88}
	EndGlobalSection
	GlobalSection(ExtensibilityGlobals) = postSolution
		SolutionGuid = {D602390D-6770-485E-B9EC-BD94F70F45B1}
	EndGlobalSection
EndGlobal
